
Microsoft Visual Studio Solution File, Format Version 12.00
# Visual Studio Version 16
VisualStudioVersion = 16.0.29911.84
MinimumVisualStudioVersion = 10.0.40219.1
Project("{9A19103F-16F7-4668-BE54-9A1E7A4F7556}") = "MapProject", "MapProject\MapProject.csproj", "{D9C201A0-A12E-4F34-90E3-D390BE5486B2}"
EndProject
Project("{FAE04EC0-301F-11D3-BF4B-00C04F79EFBC}") = "ConversionServiceProject", "ConversionServiceProject\ConversionServiceProject.csproj", "{6044FA2D-C925-4FE2-88C5-59F160875F85}"
EndProject
Global
	GlobalSection(SolutionConfigurationPlatforms) = preSolution
		Debug|Any CPU = Debug|Any CPU
		Release|Any CPU = Release|Any CPU
	EndGlobalSection
	GlobalSection(ProjectConfigurationPlatforms) = postSolution
		{D9C201A0-A12E-4F34-90E3-D390BE5486B2}.Debug|Any CPU.ActiveCfg = Debug|Any CPU
		{D9C201A0-A12E-4F34-90E3-D390BE5486B2}.Debug|Any CPU.Build.0 = Debug|Any CPU
		{D9C201A0-A12E-4F34-90E3-D390BE5486B2}.Release|Any CPU.ActiveCfg = Release|Any CPU
		{D9C201A0-A12E-4F34-90E3-D390BE5486B2}.Release|Any CPU.Build.0 = Release|Any CPU
		{6044FA2D-C925-4FE2-88C5-59F160875F85}.Debug|Any CPU.ActiveCfg = Debug|Any CPU
		{6044FA2D-C925-4FE2-88C5-59F160875F85}.Debug|Any CPU.Build.0 = Debug|Any CPU
		{6044FA2D-C925-4FE2-88C5-59F160875F85}.Release|Any CPU.ActiveCfg = Release|Any CPU
		{6044FA2D-C925-4FE2-88C5-59F160875F85}.Release|Any CPU.Build.0 = Release|Any CPU
	EndGlobalSection
	GlobalSection(SolutionProperties) = preSolution
		HideSolutionNode = FALSE
	EndGlobalSection
	GlobalSection(ExtensibilityGlobals) = postSolution
		SolutionGuid = {D9F566FB-5C66-4DF1-9845-DDD2A7E04EB5}
	EndGlobalSection
EndGlobal
